
Microsoft Visual Studio Solution File, Format Version 12.00
# Visual Studio Version 17
VisualStudioVersion = 17.4.33205.214
MinimumVisualStudioVersion = 10.0.40219.1
Project("{FAE04EC0-301F-11D3-BF4B-00C04F79EFBC}") = "EmilyLilyApi", "EmilyLilyApi\EmilyLilyApi.csproj", "{3B972B20-7EAA-43C9-9E14-61C2F4597762}"
EndProject
Global
	GlobalSection(SolutionConfigurationPlatforms) = preSolution
		Debug|Any CPU = Debug|Any CPU
		Release|Any CPU = Release|Any CPU
	EndGlobalSection
	GlobalSection(ProjectConfigurationPlatforms) = postSolution
		{3B972B20-7EAA-43C9-9E14-61C2F4597762}.Debug|Any CPU.ActiveCfg = Debug|Any CPU
		{3B972B20-7EAA-43C9-9E14-61C2F4597762}.Debug|Any CPU.Build.0 = Debug|Any CPU
		{3B972B20-7EAA-43C9-9E14-61C2F4597762}.Release|Any CPU.ActiveCfg = Release|Any CPU
		{3B972B20-7EAA-43C9-9E14-61C2F4597762}.Release|Any CPU.Build.0 = Release|Any CPU
	EndGlobalSection
	GlobalSection(SolutionProperties) = preSolution
		HideSolutionNode = FALSE
	EndGlobalSection
	GlobalSection(ExtensibilityGlobals) = postSolution
		SolutionGuid = {CFE2E73F-1918-43D3-81DB-F319C17552B5}
	EndGlobalSection
EndGlobal
